
Microsoft Visual Studio Solution File, Format Version 12.00
# Visual Studio Version 17
VisualStudioVersion = 17.0.31903.59
MinimumVisualStudioVersion = 10.0.40219.1
Project("{FAE04EC0-301F-11D3-BF4B-00C04F79EFBC}") = "CloudCrate.Api", "CloudCrate.Api\CloudCrate.Api.csproj", "{0FF2F1E6-176A-49C1-9AEF-C4BA8D5092FD}"
EndProject
Project("{FAE04EC0-301F-11D3-BF4B-00C04F79EFBC}") = "CloudCrate.Application", "CloudCrate.Application\CloudCrate.Application.csproj", "{59BC4A70-6D8A-4473-A5F1-7AACFD6AC47E}"
EndProject
Project("{FAE04EC0-301F-11D3-BF4B-00C04F79EFBC}") = "CloudCrate.Infrastructure", "CloudCrate.Infrastructure\CloudCrate.Infrastructure.csproj", "{42589207-85FE-48CE-850D-3C411526D724}"
EndProject
Project("{FAE04EC0-301F-11D3-BF4B-00C04F79EFBC}") = "CloudCrate.Domain", "CloudCrate.Domain\CloudCrate.Domain.csproj", "{B71842B3-0643-4C8A-8330-B2BD5D437495}"
EndProject
Global
	GlobalSection(SolutionConfigurationPlatforms) = preSolution
		Debug|Any CPU = Debug|Any CPU
		Debug|x64 = Debug|x64
		Debug|x86 = Debug|x86
		Release|Any CPU = Release|Any CPU
		Release|x64 = Release|x64
		Release|x86 = Release|x86
	EndGlobalSection
	GlobalSection(ProjectConfigurationPlatforms) = postSolution
		{0FF2F1E6-176A-49C1-9AEF-C4BA8D5092FD}.Debug|Any CPU.ActiveCfg = Debug|Any CPU
		{0FF2F1E6-176A-49C1-9AEF-C4BA8D5092FD}.Debug|Any CPU.Build.0 = Debug|Any CPU
		{0FF2F1E6-176A-49C1-9AEF-C4BA8D5092FD}.Debug|x64.ActiveCfg = Debug|Any CPU
		{0FF2F1E6-176A-49C1-9AEF-C4BA8D5092FD}.Debug|x64.Build.0 = Debug|Any CPU
		{0FF2F1E6-176A-49C1-9AEF-C4BA8D5092FD}.Debug|x86.ActiveCfg = Debug|Any CPU
		{0FF2F1E6-176A-49C1-9AEF-C4BA8D5092FD}.Debug|x86.Build.0 = Debug|Any CPU
		{0FF2F1E6-176A-49C1-9AEF-C4BA8D5092FD}.Release|Any CPU.ActiveCfg = Release|Any CPU
		{0FF2F1E6-176A-49C1-9AEF-C4BA8D5092FD}.Release|Any CPU.Build.0 = Release|Any CPU
		{0FF2F1E6-176A-49C1-9AEF-C4BA8D5092FD}.Release|x64.ActiveCfg = Release|Any CPU
		{0FF2F1E6-176A-49C1-9AEF-C4BA8D5092FD}.Release|x64.Build.0 = Release|Any CPU
		{0FF2F1E6-176A-49C1-9AEF-C4BA8D5092FD}.Release|x86.ActiveCfg = Release|Any CPU
		{0FF2F1E6-176A-49C1-9AEF-C4BA8D5092FD}.Release|x86.Build.0 = Release|Any CPU
		{59BC4A70-6D8A-4473-A5F1-7AACFD6AC47E}.Debug|Any CPU.ActiveCfg = Debug|Any CPU
		{59BC4A70-6D8A-4473-A5F1-7AACFD6AC47E}.Debug|Any CPU.Build.0 = Debug|Any CPU
		{59BC4A70-6D8A-4473-A5F1-7AACFD6AC47E}.Debug|x64.ActiveCfg = Debug|Any CPU
		{59BC4A70-6D8A-4473-A5F1-7AACFD6AC47E}.Debug|x64.Build.0 = Debug|Any CPU
		{59BC4A70-6D8A-4473-A5F1-7AACFD6AC47E}.Debug|x86.ActiveCfg = Debug|Any CPU
		{59BC4A70-6D8A-4473-A5F1-7AACFD6AC47E}.Debug|x86.Build.0 = Debug|Any CPU
		{59BC4A70-6D8A-4473-A5F1-7AACFD6AC47E}.Release|Any CPU.ActiveCfg = Release|Any CPU
		{59BC4A70-6D8A-4473-A5F1-7AACFD6AC47E}.Release|Any CPU.Build.0 = Release|Any CPU
		{59BC4A70-6D8A-4473-A5F1-7AACFD6AC47E}.Release|x64.ActiveCfg = Release|Any CPU
		{59BC4A70-6D8A-4473-A5F1-7AACFD6AC47E}.Release|x64.Build.0 = Release|Any CPU
		{59BC4A70-6D8A-4473-A5F1-7AACFD6AC47E}.Release|x86.ActiveCfg = Release|Any CPU
		{59BC4A70-6D8A-4473-A5F1-7AACFD6AC47E}.Release|x86.Build.0 = Release|Any CPU
		{42589207-85FE-48CE-850D-3C411526D724}.Debug|Any CPU.ActiveCfg = Debug|Any CPU
		{42589207-85FE-48CE-850D-3C411526D724}.Debug|Any CPU.Build.0 = Debug|Any CPU
		{42589207-85FE-48CE-850D-3C411526D724}.Debug|x64.ActiveCfg = Debug|Any CPU
		{42589207-85FE-48CE-850D-3C411526D724}.Debug|x64.Build.0 = Debug|Any CPU
		{42589207-85FE-48CE-850D-3C411526D724}.Debug|x86.ActiveCfg = Debug|Any CPU
		{42589207-85FE-48CE-850D-3C411526D724}.Debug|x86.Build.0 = Debug|Any CPU
		{42589207-85FE-48CE-850D-3C411526D724}.Release|Any CPU.ActiveCfg = Release|Any CPU
		{42589207-85FE-48CE-850D-3C411526D724}.Release|Any CPU.Build.0 = Release|Any CPU
		{42589207-85FE-48CE-850D-3C411526D724}.Release|x64.ActiveCfg = Release|Any CPU
		{42589207-85FE-48CE-850D-3C411526D724}.Release|x64.Build.0 = Release|Any CPU
		{42589207-85FE-48CE-850D-3C411526D724}.Release|x86.ActiveCfg = Release|Any CPU
		{42589207-85FE-48CE-850D-3C411526D724}.Release|x86.Build.0 = Release|Any CPU
		{B71842B3-0643-4C8A-8330-B2BD5D437495}.Debug|Any CPU.ActiveCfg = Debug|Any CPU
		{B71842B3-0643-4C8A-8330-B2BD5D437495}.Debug|Any CPU.Build.0 = Debug|Any CPU
		{B71842B3-0643-4C8A-8330-B2BD5D437495}.Debug|x64.ActiveCfg = Debug|Any CPU
		{B71842B3-0643-4C8A-8330-B2BD5D437495}.Debug|x64.Build.0 = Debug|Any CPU
		{B71842B3-0643-4C8A-8330-B2BD5D437495}.Debug|x86.ActiveCfg = Debug|Any CPU
		{B71842B3-0643-4C8A-8330-B2BD5D437495}.Debug|x86.Build.0 = Debug|Any CPU
		{B71842B3-0643-4C8A-8330-B2BD5D437495}.Release|Any CPU.ActiveCfg = Release|Any CPU
		{B71842B3-0643-4C8A-8330-B2BD5D437495}.Release|Any CPU.Build.0 = Release|Any CPU
		{B71842B3-0643-4C8A-8330-B2BD5D437495}.Release|x64.ActiveCfg = Release|Any CPU
		{B71842B3-0643-4C8A-8330-B2BD5D437495}.Release|x64.Build.0 = Release|Any CPU
		{B71842B3-0643-4C8A-8330-B2BD5D437495}.Release|x86.ActiveCfg = Release|Any CPU
		{B71842B3-0643-4C8A-8330-B2BD5D437495}.Release|x86.Build.0 = Release|Any CPU
	EndGlobalSection
	GlobalSection(SolutionProperties) = preSolution
		HideSolutionNode = FALSE
	EndGlobalSection
EndGlobal
